// !$*UTF8*$!
{
	archiveVersion = 1;
	classes = {
	};
	objectVersion = 48;
	objects = {

/* Begin PBXBuildFile section */
		6B46DCEF2091CF4A003534DE /* iCloudExportImportVC.swift in Sources */ = {isa = PBXBuildFile; fileRef = 6B46DCEE2091CF4A003534DE /* iCloudExportImportVC.swift */; };
		6B46DCF22091D214003534DE /* Extension+UiView.swift in Sources */ = {isa = PBXBuildFile; fileRef = 6B46DCF12091D214003534DE /* Extension+UiView.swift */; };
		6B46DCF52091DAA6003534DE /* DisplayImportFilesCell.swift in Sources */ = {isa = PBXBuildFile; fileRef = 6B46DCF42091DAA6003534DE /* DisplayImportFilesCell.swift */; };
		6B46DCF72091F679003534DE /* DIsplayFilesController.swift in Sources */ = {isa = PBXBuildFile; fileRef = 6B46DCF62091F679003534DE /* DIsplayFilesController.swift */; };
		6B46DCFA2091F7DB003534DE /* Welcome.storyboard in Resources */ = {isa = PBXBuildFile; fileRef = 6B46DCF92091F7DB003534DE /* Welcome.storyboard */; };
		6B46DCFD2091FCDA003534DE /* PageContentVC.swift in Sources */ = {isa = PBXBuildFile; fileRef = 6B46DCFC2091FCDA003534DE /* PageContentVC.swift */; };
		6B46DCFF2091FD84003534DE /* PageViewController.swift in Sources */ = {isa = PBXBuildFile; fileRef = 6B46DCFE2091FD84003534DE /* PageViewController.swift */; };
		6B5962172090908300C412CD /* AppDelegate.swift in Sources */ = {isa = PBXBuildFile; fileRef = 6B5962162090908300C412CD /* AppDelegate.swift */; };
		6B5962192090908300C412CD /* ViewController.swift in Sources */ = {isa = PBXBuildFile; fileRef = 6B5962182090908300C412CD /* ViewController.swift */; };
		6B59621C2090908300C412CD /* Main.storyboard in Resources */ = {isa = PBXBuildFile; fileRef = 6B59621A2090908300C412CD /* Main.storyboard */; };
		6B59621E2090908300C412CD /* Assets.xcassets in Resources */ = {isa = PBXBuildFile; fileRef = 6B59621D2090908300C412CD /* Assets.xcassets */; };
		6B5962212090908300C412CD /* LaunchScreen.storyboard in Resources */ = {isa = PBXBuildFile; fileRef = 6B59621F2090908300C412CD /* LaunchScreen.storyboard */; };
		6B59622F20909CF500C412CD /* ScanViewController.swift in Sources */ = {isa = PBXBuildFile; fileRef = 6B59622E20909CF500C412CD /* ScanViewController.swift */; };
		6B59623120909D3400C412CD /* GlobalClassFile.swift in Sources */ = {isa = PBXBuildFile; fileRef = 6B59623020909D3400C412CD /* GlobalClassFile.swift */; };
		6B5962382090A0F800C412CD /* Constants.swift in Sources */ = {isa = PBXBuildFile; fileRef = 6B5962372090A0F800C412CD /* Constants.swift */; };
/* End PBXBuildFile section */

/* Begin PBXFileReference section */
		6B46DCEE2091CF4A003534DE /* iCloudExportImportVC.swift */ = {isa = PBXFileReference; lastKnownFileType = sourcecode.swift; path = iCloudExportImportVC.swift; sourceTree = "<group>"; };
		6B46DCF12091D214003534DE /* Extension+UiView.swift */ = {isa = PBXFileReference; lastKnownFileType = sourcecode.swift; path = "Extension+UiView.swift"; sourceTree = "<group>"; };
		6B46DCF42091DAA6003534DE /* DisplayImportFilesCell.swift */ = {isa = PBXFileReference; lastKnownFileType = sourcecode.swift; path = DisplayImportFilesCell.swift; sourceTree = "<group>"; };
		6B46DCF62091F679003534DE /* DIsplayFilesController.swift */ = {isa = PBXFileReference; lastKnownFileType = sourcecode.swift; path = DIsplayFilesController.swift; sourceTree = "<group>"; };
		6B46DCF92091F7DB003534DE /* Welcome.storyboard */ = {isa = PBXFileReference; lastKnownFileType = file.storyboard; path = Welcome.storyboard; sourceTree = "<group>"; };
		6B46DCFC2091FCDA003534DE /* PageContentVC.swift */ = {isa = PBXFileReference; lastKnownFileType = sourcecode.swift; path = PageContentVC.swift; sourceTree = "<group>"; };
		6B46DCFE2091FD84003534DE /* PageViewController.swift */ = {isa = PBXFileReference; lastKnownFileType = sourcecode.swift; path = PageViewController.swift; sourceTree = "<group>"; };
		6B5962132090908300C412CD /* Assignment.app */ = {isa = PBXFileReference; explicitFileType = wrapper.application; includeInIndex = 0; path = Assignment.app; sourceTree = BUILT_PRODUCTS_DIR; };
		6B5962162090908300C412CD /* AppDelegate.swift */ = {isa = PBXFileReference; lastKnownFileType = sourcecode.swift; path = AppDelegate.swift; sourceTree = "<group>"; };
		6B5962182090908300C412CD /* ViewController.swift */ = {isa = PBXFileReference; lastKnownFileType = sourcecode.swift; path = ViewController.swift; sourceTree = "<group>"; };
		6B59621B2090908300C412CD /* Base */ = {isa = PBXFileReference; lastKnownFileType = file.storyboard; name = Base; path = Base.lproj/Main.storyboard; sourceTree = "<group>"; };
		6B59621D2090908300C412CD /* Assets.xcassets */ = {isa = PBXFileReference; lastKnownFileType = folder.assetcatalog; path = Assets.xcassets; sourceTree = "<group>"; };
		6B5962202090908300C412CD /* Base */ = {isa = PBXFileReference; lastKnownFileType = file.storyboard; name = Base; path = Base.lproj/LaunchScreen.storyboard; sourceTree = "<group>"; };
		6B5962222090908300C412CD /* Info.plist */ = {isa = PBXFileReference; lastKnownFileType = text.plist.xml; path = Info.plist; sourceTree = "<group>"; };
		6B596228209090BE00C412CD /* Assignment.entitlements */ = {isa = PBXFileReference; lastKnownFileType = text.plist.entitlements; path = Assignment.entitlements; sourceTree = "<group>"; };
		6B59622A2090911900C412CD /* CloudKit.framework */ = {isa = PBXFileReference; lastKnownFileType = wrapper.framework; name = CloudKit.framework; path = System/Library/Frameworks/CloudKit.framework; sourceTree = SDKROOT; };
		6B59622E20909CF500C412CD /* ScanViewController.swift */ = {isa = PBXFileReference; lastKnownFileType = sourcecode.swift; path = ScanViewController.swift; sourceTree = "<group>"; };
		6B59623020909D3400C412CD /* GlobalClassFile.swift */ = {isa = PBXFileReference; lastKnownFileType = sourcecode.swift; path = GlobalClassFile.swift; sourceTree = "<group>"; };
		6B5962372090A0F800C412CD /* Constants.swift */ = {isa = PBXFileReference; lastKnownFileType = sourcecode.swift; path = Constants.swift; sourceTree = "<group>"; };
/* End PBXFileReference section */

/* Begin PBXFrameworksBuildPhase section */
		6B5962102090908300C412CD /* Frameworks */ = {
			isa = PBXFrameworksBuildPhase;
			buildActionMask = 2147483647;
			files = (
			);
			runOnlyForDeploymentPostprocessing = 0;
		};
/* End PBXFrameworksBuildPhase section */

/* Begin PBXGroup section */
		6B46DCCB2091A0F7003534DE /* Resources */ = {
			isa = PBXGroup;
			children = (
			);
			path = Resources;
			sourceTree = "<group>";
		};
		6B46DCF02091D1FF003534DE /* Extensions */ = {
			isa = PBXGroup;
			children = (
				6B46DCF12091D214003534DE /* Extension+UiView.swift */,
			);
			path = Extensions;
			sourceTree = "<group>";
		};
		6B46DCF32091DA84003534DE /* CustomeCells */ = {
			isa = PBXGroup;
			children = (
				6B46DCF42091DAA6003534DE /* DisplayImportFilesCell.swift */,
			);
			path = CustomeCells;
			sourceTree = "<group>";
		};
		6B46DCF82091F7C1003534DE /* StoryBoards */ = {
			isa = PBXGroup;
			children = (
				6B46DCF92091F7DB003534DE /* Welcome.storyboard */,
			);
			path = StoryBoards;
			sourceTree = "<group>";
		};
		6B46DCFB2091FCB6003534DE /* WelcomePageView */ = {
			isa = PBXGroup;
			children = (
				6B46DCFC2091FCDA003534DE /* PageContentVC.swift */,
				6B46DCFE2091FD84003534DE /* PageViewController.swift */,
			);
			path = WelcomePageView;
			sourceTree = "<group>";
		};
		6B59620A2090908300C412CD = {
			isa = PBXGroup;
			children = (
				6B5962152090908300C412CD /* Assignment */,
				6B5962142090908300C412CD /* Products */,
				6B5962292090911900C412CD /* Frameworks */,
			);
			sourceTree = "<group>";
		};
		6B5962142090908300C412CD /* Products */ = {
			isa = PBXGroup;
			children = (
				6B5962132090908300C412CD /* Assignment.app */,
			);
			name = Products;
			sourceTree = "<group>";
		};
		6B5962152090908300C412CD /* Assignment */ = {
			isa = PBXGroup;
			children = (
				6B46DCF82091F7C1003534DE /* StoryBoards */,
				6B59622D20909CDB00C412CD /* Controllers */,
				6B59622C20909C8D00C412CD /* Model */,
				6B596228209090BE00C412CD /* Assignment.entitlements */,
				6B5962162090908300C412CD /* AppDelegate.swift */,
				6B5962182090908300C412CD /* ViewController.swift */,
				6B59621A2090908300C412CD /* Main.storyboard */,
				6B59621D2090908300C412CD /* Assets.xcassets */,
				6B59621F2090908300C412CD /* LaunchScreen.storyboard */,
				6B5962222090908300C412CD /* Info.plist */,
				6B46DCCB2091A0F7003534DE /* Resources */,
			);
			path = Assignment;
			sourceTree = "<group>";
		};
		6B5962292090911900C412CD /* Frameworks */ = {
			isa = PBXGroup;
			children = (
				6B59622A2090911900C412CD /* CloudKit.framework */,
			);
			name = Frameworks;
			sourceTree = "<group>";
		};
		6B59622C20909C8D00C412CD /* Model */ = {
			isa = PBXGroup;
			children = (
				6B46DCF32091DA84003534DE /* CustomeCells */,
				6B46DCF02091D1FF003534DE /* Extensions */,
				6B59623020909D3400C412CD /* GlobalClassFile.swift */,
				6B5962372090A0F800C412CD /* Constants.swift */,
			);
			path = Model;
			sourceTree = "<group>";
		};
		6B59622D20909CDB00C412CD /* Controllers */ = {
			isa = PBXGroup;
			children = (
				6B46DCFB2091FCB6003534DE /* WelcomePageView */,
				6B59622E20909CF500C412CD /* ScanViewController.swift */,
				6B46DCEE2091CF4A003534DE /* iCloudExportImportVC.swift */,
				6B46DCF62091F679003534DE /* DIsplayFilesController.swift */,
			);
			path = Controllers;
			sourceTree = "<group>";
		};
/* End PBXGroup section */

/* Begin PBXNativeTarget section */
		6B5962122090908300C412CD /* Assignment */ = {
			isa = PBXNativeTarget;
			buildConfigurationList = 6B5962252090908300C412CD /* Build configuration list for PBXNativeTarget "Assignment" */;
			buildPhases = (
				6B59620F2090908300C412CD /* Sources */,
				6B5962102090908300C412CD /* Frameworks */,
				6B5962112090908300C412CD /* Resources */,
			);
			buildRules = (
			);
			dependencies = (
			);
			name = Assignment;
			productName = Assignment;
			productReference = 6B5962132090908300C412CD /* Assignment.app */;
			productType = "com.apple.product-type.application";
		};
/* End PBXNativeTarget section */

/* Begin PBXProject section */
		6B59620B2090908300C412CD /* Project object */ = {
			isa = PBXProject;
			attributes = {
				LastSwiftUpdateCheck = 0920;
				LastUpgradeCheck = 0920;
				ORGANIZATIONNAME = "JMRIMAC-1";
				TargetAttributes = {
					6B5962122090908300C412CD = {
						CreatedOnToolsVersion = 9.2;
						ProvisioningStyle = Automatic;
						SystemCapabilities = {
							com.apple.iCloud = {
								enabled = 1;
							};
						};
					};
				};
			};
			buildConfigurationList = 6B59620E2090908300C412CD /* Build configuration list for PBXProject "Assignment" */;
			compatibilityVersion = "Xcode 8.0";
			developmentRegion = en;
			hasScannedForEncodings = 0;
			knownRegions = (
				en,
				Base,
			);
			mainGroup = 6B59620A2090908300C412CD;
			productRefGroup = 6B5962142090908300C412CD /* Products */;
			projectDirPath = "";
			projectRoot = "";
			targets = (
				6B5962122090908300C412CD /* Assignment */,
			);
		};
/* End PBXProject section */

/* Begin PBXResourcesBuildPhase section */
		6B5962112090908300C412CD /* Resources */ = {
			isa = PBXResourcesBuildPhase;
			buildActionMask = 2147483647;
			files = (
				6B5962212090908300C412CD /* LaunchScreen.storyboard in Resources */,
				6B46DCFA2091F7DB003534DE /* Welcome.storyboard in Resources */,
				6B59621E2090908300C412CD /* Assets.xcassets in Resources */,
				6B59621C2090908300C412CD /* Main.storyboard in Resources */,
			);
			runOnlyForDeploymentPostprocessing = 0;
		};
/* End PBXResourcesBuildPhase section */

/* Begin PBXSourcesBuildPhase section */
		6B59620F2090908300C412CD /* Sources */ = {
			isa = PBXSourcesBuildPhase;
			buildActionMask = 2147483647;
			files = (
				6B46DCF22091D214003534DE /* Extension+UiView.swift in Sources */,
				6B46DCF72091F679003534DE /* DIsplayFilesController.swift in Sources */,
				6B46DCFF2091FD84003534DE /* PageViewController.swift in Sources */,
				6B5962192090908300C412CD /* ViewController.swift in Sources */,
				6B5962172090908300C412CD /* AppDelegate.swift in Sources */,
				6B46DCF52091DAA6003534DE /* DisplayImportFilesCell.swift in Sources */,
				6B46DCFD2091FCDA003534DE /* PageContentVC.swift in Sources */,
				6B59622F20909CF500C412CD /* ScanViewController.swift in Sources */,
				6B46DCEF2091CF4A003534DE /* iCloudExportImportVC.swift in Sources */,
				6B59623120909D3400C412CD /* GlobalClassFile.swift in Sources */,
				6B5962382090A0F800C412CD /* Constants.swift in Sources */,
			);
			runOnlyForDeploymentPostprocessing = 0;
		};
/* End PBXSourcesBuildPhase section */

/* Begin PBXVariantGroup section */
		6B59621A2090908300C412CD /* Main.storyboard */ = {
			isa = PBXVariantGroup;
			children = (
				6B59621B2090908300C412CD /* Base */,
			);
			name = Main.storyboard;
			sourceTree = "<group>";
		};
		6B59621F2090908300C412CD /* LaunchScreen.storyboard */ = {
			isa = PBXVariantGroup;
			children = (
				6B5962202090908300C412CD /* Base */,
			);
			name = LaunchScreen.storyboard;
			sourceTree = "<group>";
		};
/* End PBXVariantGroup section */

/* Begin XCBuildConfiguration section */
		6B5962232090908300C412CD /* Debug */ = {
			isa = XCBuildConfiguration;
			buildSettings = {
				ALWAYS_SEARCH_USER_PATHS = NO;
				CLANG_ANALYZER_NONNULL = YES;
				CLANG_ANALYZER_NUMBER_OBJECT_CONVERSION = YES_AGGRESSIVE;
				CLANG_CXX_LANGUAGE_STANDARD = "gnu++14";
				CLANG_CXX_LIBRARY = "libc++";
				CLANG_ENABLE_MODULES = YES;
				CLANG_ENABLE_OBJC_ARC = YES;
				CLANG_WARN_BLOCK_CAPTURE_AUTORELEASING = YES;
				CLANG_WARN_BOOL_CONVERSION = YES;
				CLANG_WARN_COMMA = YES;
				CLANG_WARN_CONSTANT_CONVERSION = YES;
				CLANG_WARN_DIRECT_OBJC_ISA_USAGE = YES_ERROR;
				CLANG_WARN_DOCUMENTATION_COMMENTS = YES;
				CLANG_WARN_EMPTY_BODY = YES;
				CLANG_WARN_ENUM_CONVERSION = YES;
				CLANG_WARN_INFINITE_RECURSION = YES;
				CLANG_WARN_INT_CONVERSION = YES;
				CLANG_WARN_NON_LITERAL_NULL_CONVERSION = YES;
				CLANG_WARN_OBJC_LITERAL_CONVERSION = YES;
				CLANG_WARN_OBJC_ROOT_CLASS = YES_ERROR;
				CLANG_WARN_RANGE_LOOP_ANALYSIS = YES;
				CLANG_WARN_STRICT_PROTOTYPES = YES;
				CLANG_WARN_SUSPICIOUS_MOVE = YES;
				CLANG_WARN_UNGUARDED_AVAILABILITY = YES_AGGRESSIVE;
				CLANG_WARN_UNREACHABLE_CODE = YES;
				CLANG_WARN__DUPLICATE_METHOD_MATCH = YES;
				CODE_SIGN_IDENTITY = "iPhone Developer";
				COPY_PHASE_STRIP = NO;
				DEBUG_INFORMATION_FORMAT = dwarf;
				ENABLE_STRICT_OBJC_MSGSEND = YES;
				ENABLE_TESTABILITY = YES;
				GCC_C_LANGUAGE_STANDARD = gnu11;
				GCC_DYNAMIC_NO_PIC = NO;
				GCC_NO_COMMON_BLOCKS = YES;
				GCC_OPTIMIZATION_LEVEL = 0;
				GCC_PREPROCESSOR_DEFINITIONS = (
					"DEBUG=1",
					"$(inherited)",
				);
				GCC_WARN_64_TO_32_BIT_CONVERSION = YES;
				GCC_WARN_ABOUT_RETURN_TYPE = YES_ERROR;
				GCC_WARN_UNDECLARED_SELECTOR = YES;
				GCC_WARN_UNINITIALIZED_AUTOS = YES_AGGRESSIVE;
				GCC_WARN_UNUSED_FUNCTION = YES;
				GCC_WARN_UNUSED_VARIABLE = YES;
				IPHONEOS_DEPLOYMENT_TARGET = 11.2;
				MTL_ENABLE_DEBUG_INFO = YES;
				ONLY_ACTIVE_ARCH = YES;
				SDKROOT = iphoneos;
				SWIFT_ACTIVE_COMPILATION_CONDITIONS = DEBUG;
				SWIFT_OPTIMIZATION_LEVEL = "-Onone";
			};
			name = Debug;
		};
		6B5962242090908300C412CD /* Release */ = {
			isa = XCBuildConfiguration;
			buildSettings = {
				ALWAYS_SEARCH_USER_PATHS = NO;
				CLANG_ANALYZER_NONNULL = YES;
				CLANG_ANALYZER_NUMBER_OBJECT_CONVERSION = YES_AGGRESSIVE;
				CLANG_CXX_LANGUAGE_STANDARD = "gnu++14";
				CLANG_CXX_LIBRARY = "libc++";
				CLANG_ENABLE_MODULES = YES;
				CLANG_ENABLE_OBJC_ARC = YES;
				CLANG_WARN_BLOCK_CAPTURE_AUTORELEASING = YES;
				CLANG_WARN_BOOL_CONVERSION = YES;
				CLANG_WARN_COMMA = YES;
				CLANG_WARN_CONSTANT_CONVERSION = YES;
				CLANG_WARN_DIRECT_OBJC_ISA_USAGE = YES_ERROR;
				CLANG_WARN_DOCUMENTATION_COMMENTS = YES;
				CLANG_WARN_EMPTY_BODY = YES;
				CLANG_WARN_ENUM_CONVERSION = YES;
				CLANG_WARN_INFINITE_RECURSION = YES;
				CLANG_WARN_INT_CONVERSION = YES;
				CLANG_WARN_NON_LITERAL_NULL_CONVERSION = YES;
				CLANG_WARN_OBJC_LITERAL_CONVERSION = YES;
				CLANG_WARN_OBJC_ROOT_CLASS = YES_ERROR;
				CLANG_WARN_RANGE_LOOP_ANALYSIS = YES;
				CLANG_WARN_STRICT_PROTOTYPES = YES;
				CLANG_WARN_SUSPICIOUS_MOVE = YES;
				CLANG_WARN_UNGUARDED_AVAILABILITY = YES_AGGRESSIVE;
				CLANG_WARN_UNREACHABLE_CODE = YES;
				CLANG_WARN__DUPLICATE_METHOD_MATCH = YES;
				CODE_SIGN_IDENTITY = "iPhone Developer";
				COPY_PHASE_STRIP = NO;
				DEBUG_INFORMATION_FORMAT = "dwarf-with-dsym";
				ENABLE_NS_ASSERTIONS = NO;
				ENABLE_STRICT_OBJC_MSGSEND = YES;
				GCC_C_LANGUAGE_STANDARD = gnu11;
				GCC_NO_COMMON_BLOCKS = YES;
				GCC_WARN_64_TO_32_BIT_CONVERSION = YES;
				GCC_WARN_ABOUT_RETURN_TYPE = YES_ERROR;
				GCC_WARN_UNDECLARED_SELECTOR = YES;
				GCC_WARN_UNINITIALIZED_AUTOS = YES_AGGRESSIVE;
				GCC_WARN_UNUSED_FUNCTION = YES;
				GCC_WARN_UNUSED_VARIABLE = YES;
				IPHONEOS_DEPLOYMENT_TARGET = 11.2;
				MTL_ENABLE_DEBUG_INFO = NO;
				SDKROOT = iphoneos;
				SWIFT_OPTIMIZATION_LEVEL = "-Owholemodule";
				VALIDATE_PRODUCT = YES;
			};
			name = Release;
		};
		6B5962262090908300C412CD /* Debug */ = {
			isa = XCBuildConfiguration;
			buildSettings = {
				ASSETCATALOG_COMPILER_APPICON_NAME = AppIcon;
				CODE_SIGN_ENTITLEMENTS = Assignment/Assignment.entitlements;
				CODE_SIGN_STYLE = Automatic;
				DEVELOPMENT_TEAM = 43793ERFJ9;
				INFOPLIST_FILE = Assignment/Info.plist;
				IPHONEOS_DEPLOYMENT_TARGET = 9.0;
				LD_RUNPATH_SEARCH_PATHS = "$(inherited) @executable_path/Frameworks";
				PRODUCT_BUNDLE_IDENTIFIER = com.TestiCloudW;
				PRODUCT_NAME = "$(TARGET_NAME)";
				SWIFT_VERSION = 4.0;
				TARGETED_DEVICE_FAMILY = "1,2";
			};
			name = Debug;
		};
		6B5962272090908300C412CD /* Release */ = {
			isa = XCBuildConfiguration;
			buildSettings = {
				ASSETCATALOG_COMPILER_APPICON_NAME = AppIcon;
				CODE_SIGN_ENTITLEMENTS = Assignment/Assignment.entitlements;
				CODE_SIGN_STYLE = Automatic;
				DEVELOPMENT_TEAM = 43793ERFJ9;
				INFOPLIST_FILE = Assignment/Info.plist;
				IPHONEOS_DEPLOYMENT_TARGET = 9.0;
				LD_RUNPATH_SEARCH_PATHS = "$(inherited) @executable_path/Frameworks";
				PRODUCT_BUNDLE_IDENTIFIER = com.TestiCloudW;
				PRODUCT_NAME = "$(TARGET_NAME)";
				SWIFT_VERSION = 4.0;
				TARGETED_DEVICE_FAMILY = "1,2";
			};
			name = Release;
		};
/* End XCBuildConfiguration section */

/* Begin XCConfigurationList section */
		6B59620E2090908300C412CD /* Build configuration list for PBXProject "Assignment" */ = {
			isa = XCConfigurationList;
			buildConfigurations = (
				6B5962232090908300C412CD /* Debug */,
				6B5962242090908300C412CD /* Release */,
			);
			defaultConfigurationIsVisible = 0;
			defaultConfigurationName = Release;
		};
		6B5962252090908300C412CD /* Build configuration list for PBXNativeTarget "Assignment" */ = {
			isa = XCConfigurationList;
			buildConfigurations = (
				6B5962262090908300C412CD /* Debug */,
				6B5962272090908300C412CD /* Release */,
			);
			defaultConfigurationIsVisible = 0;
			defaultConfigurationName = Release;
		};
/* End XCConfigurationList section */
	};
	rootObject = 6B59620B2090908300C412CD /* Project object */;
}
